
Microsoft Visual Studio Solution File, Format Version 12.00
# Visual Studio 14
VisualStudioVersion = 14.0.23107.0
MinimumVisualStudioVersion = 10.0.40219.1
Project("{8BC9CEB8-8B4A-11D0-8D11-00A0C91BC942}") = "Lab1", "Lab1\Lab1.vcxproj", "{6E5D9A62-C25C-4BFB-B443-4BB0A10A7104}"
EndProject
Project("{8BC9CEB8-8B4A-11D0-8D11-00A0C91BC942}") = "Lab2", "Lab2\Lab2.vcxproj", "{41ACCC4C-8FAF-4363-B6A7-F3623417BD2A}"
EndProject
Project("{8BC9CEB8-8B4A-11D0-8D11-00A0C91BC942}") = "Lab3", "Lab3\Lab3.vcxproj", "{D5440D5A-E607-4BE2-A03B-493D4206398D}"
EndProject
Project("{8BC9CEB8-8B4A-11D0-8D11-00A0C91BC942}") = "Lab4", "Lab4\Lab4.vcxproj", "{6F8D7604-CC59-4854-A66D-6480A44462BD}"
EndProject
Project("{8BC9CEB8-8B4A-11D0-8D11-00A0C91BC942}") = "Lab5", "Lab5\Lab5.vcxproj", "{6CC2BC22-CBA3-427D-8B79-0FC772F3800B}"
EndProject
Project("{8BC9CEB8-8B4A-11D0-8D11-00A0C91BC942}") = "Lab6", "Lab6\Lab6.vcxproj", "{03E79229-FCFC-4E0F-A039-787219F3848E}"
EndProject
Project("{8BC9CEB8-8B4A-11D0-8D11-00A0C91BC942}") = "Lab7", "Lab7\Lab7.vcxproj", "{7F48A652-B712-49A3-A794-17CE75387EE1}"
EndProject
Project("{8BC9CEB8-8B4A-11D0-8D11-00A0C91BC942}") = "Lab8", "Lab8\Lab8.vcxproj", "{823426BD-F2BA-4481-ADC7-147A3F09A5E1}"
EndProject
Project("{2150E333-8FDC-42A3-9474-1A3956D46DE8}") = "Solution Items", "Solution Items", "{1D491099-C521-4A01-A278-7EA64BE1D7A2}"
	ProjectSection(SolutionItems) = preProject
		README.txt = README.txt
	EndProjectSection
EndProject
Global
	GlobalSection(SolutionConfigurationPlatforms) = preSolution
		Debug|x64 = Debug|x64
		Debug|x86 = Debug|x86
		Release|x64 = Release|x64
		Release|x86 = Release|x86
	EndGlobalSection
	GlobalSection(ProjectConfigurationPlatforms) = postSolution
		{6E5D9A62-C25C-4BFB-B443-4BB0A10A7104}.Debug|x64.ActiveCfg = Debug|x64
		{6E5D9A62-C25C-4BFB-B443-4BB0A10A7104}.Debug|x64.Build.0 = Debug|x64
		{6E5D9A62-C25C-4BFB-B443-4BB0A10A7104}.Debug|x86.ActiveCfg = Debug|Win32
		{6E5D9A62-C25C-4BFB-B443-4BB0A10A7104}.Debug|x86.Build.0 = Debug|Win32
		{6E5D9A62-C25C-4BFB-B443-4BB0A10A7104}.Release|x64.ActiveCfg = Release|x64
		{6E5D9A62-C25C-4BFB-B443-4BB0A10A7104}.Release|x64.Build.0 = Release|x64
		{6E5D9A62-C25C-4BFB-B443-4BB0A10A7104}.Release|x86.ActiveCfg = Release|Win32
		{6E5D9A62-C25C-4BFB-B443-4BB0A10A7104}.Release|x86.Build.0 = Release|Win32
		{41ACCC4C-8FAF-4363-B6A7-F3623417BD2A}.Debug|x64.ActiveCfg = Debug|x64
		{41ACCC4C-8FAF-4363-B6A7-F3623417BD2A}.Debug|x64.Build.0 = Debug|x64
		{41ACCC4C-8FAF-4363-B6A7-F3623417BD2A}.Debug|x86.ActiveCfg = Debug|Win32
		{41ACCC4C-8FAF-4363-B6A7-F3623417BD2A}.Debug|x86.Build.0 = Debug|Win32
		{41ACCC4C-8FAF-4363-B6A7-F3623417BD2A}.Release|x64.ActiveCfg = Release|x64
		{41ACCC4C-8FAF-4363-B6A7-F3623417BD2A}.Release|x64.Build.0 = Release|x64
		{41ACCC4C-8FAF-4363-B6A7-F3623417BD2A}.Release|x86.ActiveCfg = Release|Win32
		{41ACCC4C-8FAF-4363-B6A7-F3623417BD2A}.Release|x86.Build.0 = Release|Win32
		{D5440D5A-E607-4BE2-A03B-493D4206398D}.Debug|x64.ActiveCfg = Debug|x64
		{D5440D5A-E607-4BE2-A03B-493D4206398D}.Debug|x64.Build.0 = Debug|x64
		{D5440D5A-E607-4BE2-A03B-493D4206398D}.Debug|x86.ActiveCfg = Debug|Win32
		{D5440D5A-E607-4BE2-A03B-493D4206398D}.Debug|x86.Build.0 = Debug|Win32
		{D5440D5A-E607-4BE2-A03B-493D4206398D}.Release|x64.ActiveCfg = Release|x64
		{D5440D5A-E607-4BE2-A03B-493D4206398D}.Release|x64.Build.0 = Release|x64
		{D5440D5A-E607-4BE2-A03B-493D4206398D}.Release|x86.ActiveCfg = Release|Win32
		{D5440D5A-E607-4BE2-A03B-493D4206398D}.Release|x86.Build.0 = Release|Win32
		{6F8D7604-CC59-4854-A66D-6480A44462BD}.Debug|x64.ActiveCfg = Debug|x64
		{6F8D7604-CC59-4854-A66D-6480A44462BD}.Debug|x64.Build.0 = Debug|x64
		{6F8D7604-CC59-4854-A66D-6480A44462BD}.Debug|x86.ActiveCfg = Debug|Win32
		{6F8D7604-CC59-4854-A66D-6480A44462BD}.Debug|x86.Build.0 = Debug|Win32
		{6F8D7604-CC59-4854-A66D-6480A44462BD}.Release|x64.ActiveCfg = Release|x64
		{6F8D7604-CC59-4854-A66D-6480A44462BD}.Release|x64.Build.0 = Release|x64
		{6F8D7604-CC59-4854-A66D-6480A44462BD}.Release|x86.ActiveCfg = Release|Win32
		{6F8D7604-CC59-4854-A66D-6480A44462BD}.Release|x86.Build.0 = Release|Win32
		{6CC2BC22-CBA3-427D-8B79-0FC772F3800B}.Debug|x64.ActiveCfg = Debug|x64
		{6CC2BC22-CBA3-427D-8B79-0FC772F3800B}.Debug|x64.Build.0 = Debug|x64
		{6CC2BC22-CBA3-427D-8B79-0FC772F3800B}.Debug|x86.ActiveCfg = Debug|Win32
		{6CC2BC22-CBA3-427D-8B79-0FC772F3800B}.Debug|x86.Build.0 = Debug|Win32
		{6CC2BC22-CBA3-427D-8B79-0FC772F3800B}.Release|x64.ActiveCfg = Release|x64
		{6CC2BC22-CBA3-427D-8B79-0FC772F3800B}.Release|x64.Build.0 = Release|x64
		{6CC2BC22-CBA3-427D-8B79-0FC772F3800B}.Release|x86.ActiveCfg = Release|Win32
		{6CC2BC22-CBA3-427D-8B79-0FC772F3800B}.Release|x86.Build.0 = Release|Win32
		{03E79229-FCFC-4E0F-A039-787219F3848E}.Debug|x64.ActiveCfg = Debug|x64
		{03E79229-FCFC-4E0F-A039-787219F3848E}.Debug|x64.Build.0 = Debug|x64
		{03E79229-FCFC-4E0F-A039-787219F3848E}.Debug|x86.ActiveCfg = Debug|Win32
		{03E79229-FCFC-4E0F-A039-787219F3848E}.Debug|x86.Build.0 = Debug|Win32
		{03E79229-FCFC-4E0F-A039-787219F3848E}.Release|x64.ActiveCfg = Release|x64
		{03E79229-FCFC-4E0F-A039-787219F3848E}.Release|x64.Build.0 = Release|x64
		{03E79229-FCFC-4E0F-A039-787219F3848E}.Release|x86.ActiveCfg = Release|Win32
		{03E79229-FCFC-4E0F-A039-787219F3848E}.Release|x86.Build.0 = Release|Win32
		{7F48A652-B712-49A3-A794-17CE75387EE1}.Debug|x64.ActiveCfg = Debug|x64
		{7F48A652-B712-49A3-A794-17CE75387EE1}.Debug|x64.Build.0 = Debug|x64
		{7F48A652-B712-49A3-A794-17CE75387EE1}.Debug|x86.ActiveCfg = Debug|Win32
		{7F48A652-B712-49A3-A794-17CE75387EE1}.Debug|x86.Build.0 = Debug|Win32
		{7F48A652-B712-49A3-A794-17CE75387EE1}.Release|x64.ActiveCfg = Release|x64
		{7F48A652-B712-49A3-A794-17CE75387EE1}.Release|x64.Build.0 = Release|x64
		{7F48A652-B712-49A3-A794-17CE75387EE1}.Release|x86.ActiveCfg = Release|Win32
		{7F48A652-B712-49A3-A794-17CE75387EE1}.Release|x86.Build.0 = Release|Win32
		{823426BD-F2BA-4481-ADC7-147A3F09A5E1}.Debug|x64.ActiveCfg = Debug|x64
		{823426BD-F2BA-4481-ADC7-147A3F09A5E1}.Debug|x64.Build.0 = Debug|x64
		{823426BD-F2BA-4481-ADC7-147A3F09A5E1}.Debug|x86.ActiveCfg = Debug|Win32
		{823426BD-F2BA-4481-ADC7-147A3F09A5E1}.Debug|x86.Build.0 = Debug|Win32
		{823426BD-F2BA-4481-ADC7-147A3F09A5E1}.Release|x64.ActiveCfg = Release|x64
		{823426BD-F2BA-4481-ADC7-147A3F09A5E1}.Release|x64.Build.0 = Release|x64
		{823426BD-F2BA-4481-ADC7-147A3F09A5E1}.Release|x86.ActiveCfg = Release|Win32
		{823426BD-F2BA-4481-ADC7-147A3F09A5E1}.Release|x86.Build.0 = Release|Win32
	EndGlobalSection
	GlobalSection(SolutionProperties) = preSolution
		HideSolutionNode = FALSE
	EndGlobalSection
EndGlobal
